
Microsoft Visual Studio Solution File, Format Version 12.00
# Visual Studio Version 17
VisualStudioVersion = 17.6.33723.286
MinimumVisualStudioVersion = 10.0.40219.1
Project("{FAE04EC0-301F-11D3-BF4B-00C04F79EFBC}") = "Not_Kayit_Sistemi", "Not_Kayit_Sistemi\Not_Kayit_Sistemi.csproj", "{5F84CD64-538D-4894-9821-FAB3C6F78F60}"
EndProject
Global
	GlobalSection(SolutionConfigurationPlatforms) = preSolution
		Debug|Any CPU = Debug|Any CPU
		Release|Any CPU = Release|Any CPU
	EndGlobalSection
	GlobalSection(ProjectConfigurationPlatforms) = postSolution
		{5F84CD64-538D-4894-9821-FAB3C6F78F60}.Debug|Any CPU.ActiveCfg = Debug|Any CPU
		{5F84CD64-538D-4894-9821-FAB3C6F78F60}.Debug|Any CPU.Build.0 = Debug|Any CPU
		{5F84CD64-538D-4894-9821-FAB3C6F78F60}.Release|Any CPU.ActiveCfg = Release|Any CPU
		{5F84CD64-538D-4894-9821-FAB3C6F78F60}.Release|Any CPU.Build.0 = Release|Any CPU
	EndGlobalSection
	GlobalSection(SolutionProperties) = preSolution
		HideSolutionNode = FALSE
	EndGlobalSection
	GlobalSection(ExtensibilityGlobals) = postSolution
		SolutionGuid = {CADD809A-7B83-494F-A9F5-75929B42CF49}
	EndGlobalSection
EndGlobal
